{
    "_readme": [
        "This file locks the dependencies of your project to a known state",
        "Read more about it at https://getcomposer.org/doc/01-basic-usage.md#installing-dependencies",
        "This file is @generated automatically"
    ],
    "content-hash": "778aed0d507d1ef377a0ff06dd0c543d",
    "packages": [
        {
            "name": "lptech-asia/lp-recaptcha",
            "version": "1.0.1",
            "source": {
                "type": "git",
                "url": "https://github.com/lptech-asia/lp-recaptcha.git",
                "reference": "6faa589db0b4fdf13f81b3e5e3cc70d5c8df323b"
            },
            "dist": {
                "type": "zip",
                "url": "https://api.github.com/repos/lptech-asia/lp-recaptcha/zipball/6faa589db0b4fdf13f81b3e5e3cc70d5c8df323b",
                "reference": "6faa589db0b4fdf13f81b3e5e3cc70d5c8df323b",
                "shasum": ""
            },
            "require": {
                "php": ">=5.0.0"
            },
            "type": "library",
            "autoload": {
                "files": [
                    "recaptcha.php"
                ]
            },
            "notification-url": "https://packagist.org/downloads/",
            "license": [
                "LGPL-3.0"
            ],
            "authors": [
                {
                    "name": "Le Van Phu",
                    "email": "hackerpro536@gmail.com",
                    "homepage": "https://github.com/lptech-asia/",
                    "role": "Founder"
                }
            ],
            "description": "The simple Gooogle recaptcha libraries, use same with google recaptcha libraries however low code, optimize.",
            "homepage": "https://github.com/lptech-asia/lp-recaptcha/",
            "keywords": [
                "antispam",
                "captcha",
                "google",
                "php",
                "recaptcha",
                "simple recaptcha",
                "spam"
            ],
            "support": {
                "issues": "https://github.com/lptech-asia/lp-recaptcha/issues",
                "source": "https://github.com/lptech-asia/lp-recaptcha/tree/1.0.1"
            },
            "time": "2023-01-29T07:33:16+00:00"
        },
        {
            "name": "nezamy/route",
            "version": "1.3.0",
            "source": {
                "type": "git",
                "url": "https://github.com/nezamy/route.git",
                "reference": "5f67f7bd52c121cb0925daf302fdb40474b9bc2a"
            },
            "dist": {
                "type": "zip",
                "url": "https://api.github.com/repos/nezamy/route/zipball/5f67f7bd52c121cb0925daf302fdb40474b9bc2a",
                "reference": "5f67f7bd52c121cb0925daf302fdb40474b9bc2a",
                "shasum": ""
            },
            "require": {
                "nezamy/support": "1.0.*",
                "php": ">=5.4.0"
            },
            "type": "library",
            "autoload": {
                "files": [
                    "system/function.php"
                ],
                "psr-4": {
                    "System\\": "system"
                }
            },
            "notification-url": "https://packagist.org/downloads/",
            "license": [
                "MIT"
            ],
            "authors": [
                {
                    "name": "Mahmoud Elnezamy",
                    "email": "mahmoud@nezamy.com",
                    "homepage": "http://nezamy.com",
                    "role": "Full Stack Web Developer"
                }
            ],
            "description": "Route - Fast, flexible routing for PHP, enabling you to quickly and easily build RESTful web applications.",
            "homepage": "https://nezamy.com/route",
            "keywords": [
                "api",
                "justframework",
                "restful",
                "route"
            ],
            "support": {
                "issues": "https://github.com/nezamy/route/issues",
                "source": "https://github.com/nezamy/route/tree/v2.0-beta"
            },
            "time": "2020-09-17T09:22:01+00:00"
        },
        {
            "name": "nezamy/support",
            "version": "v1.0.1",
            "source": {
                "type": "git",
                "url": "https://github.com/nezamy/support.git",
                "reference": "8803292708fbfa857bdd056c9b9dc883adc51414"
            },
            "dist": {
                "type": "zip",
                "url": "https://api.github.com/repos/nezamy/support/zipball/8803292708fbfa857bdd056c9b9dc883adc51414",
                "reference": "8803292708fbfa857bdd056c9b9dc883adc51414",
                "shasum": ""
            },
            "type": "library",
            "autoload": {
                "psr-4": {
                    "System\\Support\\": ""
                }
            },
            "notification-url": "https://packagist.org/downloads/",
            "license": [
                "MIT"
            ],
            "authors": [
                {
                    "name": "Mahmoud Elnezamy",
                    "email": "mahmoud@nezamy.com",
                    "homepage": "http://nezamy.com",
                    "role": "Full Stack Web Developer"
                }
            ],
            "description": "Support",
            "homepage": "https://github.com/nezamy/support",
            "keywords": [
                "framework",
                "justframework",
                "micro",
                "support"
            ],
            "support": {
                "issues": "https://github.com/nezamy/support/issues",
                "source": "https://github.com/nezamy/support/tree/v1.0.1"
            },
            "time": "2018-06-04T14:53:46+00:00"
        },
        {
            "name": "phpmailer/phpmailer",
            "version": "v6.7.1",
            "source": {
                "type": "git",
                "url": "https://github.com/PHPMailer/PHPMailer.git",
                "reference": "49cd7ea3d2563f028d7811f06864a53b1f15ff55"
            },
            "dist": {
                "type": "zip",
                "url": "https://api.github.com/repos/PHPMailer/PHPMailer/zipball/49cd7ea3d2563f028d7811f06864a53b1f15ff55",
                "reference": "49cd7ea3d2563f028d7811f06864a53b1f15ff55",
                "shasum": ""
            },
            "require": {
                "ext-ctype": "*",
                "ext-filter": "*",
                "ext-hash": "*",
                "php": ">=5.5.0"
            },
            "require-dev": {
                "dealerdirect/phpcodesniffer-composer-installer": "^0.7.2",
                "doctrine/annotations": "^1.2.6 || ^1.13.3",
                "php-parallel-lint/php-console-highlighter": "^1.0.0",
                "php-parallel-lint/php-parallel-lint": "^1.3.2",
                "phpcompatibility/php-compatibility": "^9.3.5",
                "roave/security-advisories": "dev-latest",
                "squizlabs/php_codesniffer": "^3.7.1",
                "yoast/phpunit-polyfills": "^1.0.4"
            },
            "suggest": {
                "ext-mbstring": "Needed to send email in multibyte encoding charset or decode encoded addresses",
                "ext-openssl": "Needed for secure SMTP sending and DKIM signing",
                "greew/oauth2-azure-provider": "Needed for Microsoft Azure XOAUTH2 authentication",
                "hayageek/oauth2-yahoo": "Needed for Yahoo XOAUTH2 authentication",
                "league/oauth2-google": "Needed for Google XOAUTH2 authentication",
                "psr/log": "For optional PSR-3 debug logging",
                "symfony/polyfill-mbstring": "To support UTF-8 if the Mbstring PHP extension is not enabled (^1.2)",
                "thenetworg/oauth2-azure": "Needed for Microsoft XOAUTH2 authentication"
            },
            "type": "library",
            "autoload": {
                "psr-4": {
                    "PHPMailer\\PHPMailer\\": "src/"
                }
            },
            "notification-url": "https://packagist.org/downloads/",
            "license": [
                "LGPL-2.1-only"
            ],
            "authors": [
                {
                    "name": "Marcus Bointon",
                    "email": "phpmailer@synchromedia.co.uk"
                },
                {
                    "name": "Jim Jagielski",
                    "email": "jimjag@gmail.com"
                },
                {
                    "name": "Andy Prevost",
                    "email": "codeworxtech@users.sourceforge.net"
                },
                {
                    "name": "Brent R. Matzelle"
                }
            ],
            "description": "PHPMailer is a full-featured email creation and transfer class for PHP",
            "support": {
                "issues": "https://github.com/PHPMailer/PHPMailer/issues",
                "source": "https://github.com/PHPMailer/PHPMailer/tree/v6.7.1"
            },
            "funding": [
                {
                    "url": "https://github.com/Synchro",
                    "type": "github"
                }
            ],
            "time": "2022-12-08T13:30:06+00:00"
        },
        {
            "name": "raveren/kint",
            "version": "v1.2.10",
            "source": {
                "type": "git",
                "url": "https://github.com/php-sage/sage.git",
                "reference": "16b6ed64d7c3dfd215f44497f98fb1d49cdbdd43"
            },
            "dist": {
                "type": "zip",
                "url": "https://api.github.com/repos/php-sage/sage/zipball/16b6ed64d7c3dfd215f44497f98fb1d49cdbdd43",
                "reference": "16b6ed64d7c3dfd215f44497f98fb1d49cdbdd43",
                "shasum": ""
            },
            "require": {
                "php": ">=5.1.0"
            },
            "require-dev": {
                "seld/phar-utils": "^1.2",
                "symfony/finder": "^3.0 || ^4.0 || ^5.0"
            },
            "type": "library",
            "autoload": {
                "files": [
                    "Sage.php"
                ]
            },
            "notification-url": "https://packagist.org/downloads/",
            "license": [
                "MIT"
            ],
            "authors": [
                {
                    "name": "Rokas Šleinius",
                    "homepage": "https://github.com/raveren"
                },
                {
                    "name": "Contributors",
                    "homepage": "https://github.com/phpsage/sage/contributors"
                }
            ],
            "description": "☯ Insightful PHP debugging assistant.",
            "homepage": "https://github.com/phpsage/sage",
            "keywords": [
                "debug",
                "debug_backtrace",
                "json_decode",
                "php",
                "sage",
                "var_dup"
            ],
            "support": {
                "issues": "https://github.com/php-sage/sage/issues",
                "source": "https://github.com/php-sage/sage/tree/v1.2.10"
            },
            "abandoned": "php-sage/sage",
            "time": "2022-01-13T22:50:03+00:00"
        },
        {
            "name": "symfony/polyfill-ctype",
            "version": "v1.27.0",
            "source": {
                "type": "git",
                "url": "https://github.com/symfony/polyfill-ctype.git",
                "reference": "5bbc823adecdae860bb64756d639ecfec17b050a"
            },
            "dist": {
                "type": "zip",
                "url": "https://api.github.com/repos/symfony/polyfill-ctype/zipball/5bbc823adecdae860bb64756d639ecfec17b050a",
                "reference": "5bbc823adecdae860bb64756d639ecfec17b050a",
                "shasum": ""
            },
            "require": {
                "php": ">=7.1"
            },
            "provide": {
                "ext-ctype": "*"
            },
            "suggest": {
                "ext-ctype": "For best performance"
            },
            "type": "library",
            "extra": {
                "branch-alias": {
                    "dev-main": "1.27-dev"
                },
                "thanks": {
                    "name": "symfony/polyfill",
                    "url": "https://github.com/symfony/polyfill"
                }
            },
            "autoload": {
                "files": [
                    "bootstrap.php"
                ],
                "psr-4": {
                    "Symfony\\Polyfill\\Ctype\\": ""
                }
            },
            "notification-url": "https://packagist.org/downloads/",
            "license": [
                "MIT"
            ],
            "authors": [
                {
                    "name": "Gert de Pagter",
                    "email": "BackEndTea@gmail.com"
                },
                {
                    "name": "Symfony Community",
                    "homepage": "https://symfony.com/contributors"
                }
            ],
            "description": "Symfony polyfill for ctype functions",
            "homepage": "https://symfony.com",
            "keywords": [
                "compatibility",
                "ctype",
                "polyfill",
                "portable"
            ],
            "support": {
                "source": "https://github.com/symfony/polyfill-ctype/tree/v1.27.0"
            },
            "funding": [
                {
                    "url": "https://symfony.com/sponsor",
                    "type": "custom"
                },
                {
                    "url": "https://github.com/fabpot",
                    "type": "github"
                },
                {
                    "url": "https://tidelift.com/funding/github/packagist/symfony/symfony",
                    "type": "tidelift"
                }
            ],
            "time": "2022-11-03T14:55:06+00:00"
        },
        {
            "name": "symfony/polyfill-mbstring",
            "version": "v1.27.0",
            "source": {
                "type": "git",
                "url": "https://github.com/symfony/polyfill-mbstring.git",
                "reference": "8ad114f6b39e2c98a8b0e3bd907732c207c2b534"
            },
            "dist": {
                "type": "zip",
                "url": "https://api.github.com/repos/symfony/polyfill-mbstring/zipball/8ad114f6b39e2c98a8b0e3bd907732c207c2b534",
                "reference": "8ad114f6b39e2c98a8b0e3bd907732c207c2b534",
                "shasum": ""
            },
            "require": {
                "php": ">=7.1"
            },
            "provide": {
                "ext-mbstring": "*"
            },
            "suggest": {
                "ext-mbstring": "For best performance"
            },
            "type": "library",
            "extra": {
                "branch-alias": {
                    "dev-main": "1.27-dev"
                },
                "thanks": {
                    "name": "symfony/polyfill",
                    "url": "https://github.com/symfony/polyfill"
                }
            },
            "autoload": {
                "files": [
                    "bootstrap.php"
                ],
                "psr-4": {
                    "Symfony\\Polyfill\\Mbstring\\": ""
                }
            },
            "notification-url": "https://packagist.org/downloads/",
            "license": [
                "MIT"
            ],
            "authors": [
                {
                    "name": "Nicolas Grekas",
                    "email": "p@tchwork.com"
                },
                {
                    "name": "Symfony Community",
                    "homepage": "https://symfony.com/contributors"
                }
            ],
            "description": "Symfony polyfill for the Mbstring extension",
            "homepage": "https://symfony.com",
            "keywords": [
                "compatibility",
                "mbstring",
                "polyfill",
                "portable",
                "shim"
            ],
            "support": {
                "source": "https://github.com/symfony/polyfill-mbstring/tree/v1.27.0"
            },
            "funding": [
                {
                    "url": "https://symfony.com/sponsor",
                    "type": "custom"
                },
                {
                    "url": "https://github.com/fabpot",
                    "type": "github"
                },
                {
                    "url": "https://tidelift.com/funding/github/packagist/symfony/symfony",
                    "type": "tidelift"
                }
            ],
            "time": "2022-11-03T14:55:06+00:00"
        },
        {
            "name": "tracy/tracy",
            "version": "v2.9.5",
            "source": {
                "type": "git",
                "url": "https://github.com/nette/tracy.git",
                "reference": "89936aa9fc428e14736c637ad535bcce6ddc6382"
            },
            "dist": {
                "type": "zip",
                "url": "https://api.github.com/repos/nette/tracy/zipball/89936aa9fc428e14736c637ad535bcce6ddc6382",
                "reference": "89936aa9fc428e14736c637ad535bcce6ddc6382",
                "shasum": ""
            },
            "require": {
                "ext-json": "*",
                "ext-session": "*",
                "php": ">=7.2 <8.3"
            },
            "conflict": {
                "nette/di": "<3.0"
            },
            "require-dev": {
                "latte/latte": "^2.5",
                "nette/di": "^3.0",
                "nette/mail": "^3.0",
                "nette/tester": "^2.2",
                "nette/utils": "^3.0",
                "phpstan/phpstan": "^1.0",
                "psr/log": "^1.0 || ^2.0 || ^3.0"
            },
            "type": "library",
            "extra": {
                "branch-alias": {
                    "dev-master": "2.9-dev"
                }
            },
            "autoload": {
                "files": [
                    "src/Tracy/functions.php"
                ],
                "classmap": [
                    "src"
                ]
            },
            "notification-url": "https://packagist.org/downloads/",
            "license": [
                "BSD-3-Clause"
            ],
            "authors": [
                {
                    "name": "David Grudl",
                    "homepage": "https://davidgrudl.com"
                },
                {
                    "name": "Nette Community",
                    "homepage": "https://nette.org/contributors"
                }
            ],
            "description": "😎  Tracy: the addictive tool to ease debugging PHP code for cool developers. Friendly design, logging, profiler, advanced features like debugging AJAX calls or CLI support. You will love it.",
            "homepage": "https://tracy.nette.org",
            "keywords": [
                "Xdebug",
                "debug",
                "debugger",
                "nette",
                "profiler"
            ],
            "support": {
                "issues": "https://github.com/nette/tracy/issues",
                "source": "https://github.com/nette/tracy/tree/v2.9.5"
            },
            "time": "2022-11-18T02:50:22+00:00"
        },
        {
            "name": "twig/twig",
            "version": "v3.0.0",
            "source": {
                "type": "git",
                "url": "https://github.com/twigphp/Twig.git",
                "reference": "9b58bb8ac7a41d72fbb5a7dc643e07923e5ccc26"
            },
            "dist": {
                "type": "zip",
                "url": "https://api.github.com/repos/twigphp/Twig/zipball/9b58bb8ac7a41d72fbb5a7dc643e07923e5ccc26",
                "reference": "9b58bb8ac7a41d72fbb5a7dc643e07923e5ccc26",
                "shasum": ""
            },
            "require": {
                "php": "^7.2.9",
                "symfony/polyfill-ctype": "^1.8",
                "symfony/polyfill-mbstring": "^1.3"
            },
            "require-dev": {
                "psr/container": "^1.0",
                "symfony/debug": "^3.4|^4.2|^5.0",
                "symfony/phpunit-bridge": "^4.4@dev|^5.0"
            },
            "type": "library",
            "extra": {
                "branch-alias": {
                    "dev-master": "3.0-dev"
                }
            },
            "autoload": {
                "psr-4": {
                    "Twig\\": "src/"
                }
            },
            "notification-url": "https://packagist.org/downloads/",
            "license": [
                "BSD-3-Clause"
            ],
            "authors": [
                {
                    "name": "Fabien Potencier",
                    "email": "fabien@symfony.com",
                    "homepage": "http://fabien.potencier.org",
                    "role": "Lead Developer"
                },
                {
                    "name": "Twig Team",
                    "homepage": "https://twig.symfony.com/contributors",
                    "role": "Contributors"
                },
                {
                    "name": "Armin Ronacher",
                    "email": "armin.ronacher@active-4.com",
                    "role": "Project Founder"
                }
            ],
            "description": "Twig, the flexible, fast, and secure template language for PHP",
            "homepage": "https://twig.symfony.com",
            "keywords": [
                "templating"
            ],
            "support": {
                "issues": "https://github.com/twigphp/Twig/issues",
                "source": "https://github.com/twigphp/Twig/tree/v3.0.0"
            },
            "time": "2019-11-15T20:38:32+00:00"
        }
    ],
    "packages-dev": [],
    "aliases": [],
    "minimum-stability": "stable",
    "stability-flags": [],
    "prefer-stable": false,
    "prefer-lowest": false,
    "platform": [],
    "platform-dev": [],
    "plugin-api-version": "2.3.0"
}
